
Microsoft Visual Studio Solution File, Format Version 12.00
# Visual Studio Version 17
VisualStudioVersion = 17.9.34607.119
MinimumVisualStudioVersion = 10.0.40219.1
Project("{FAE04EC0-301F-11D3-BF4B-00C04F79EFBC}") = "ISB.Renting.API", "ISB.Renting.API\ISB.Renting.API.csproj", "{91FC3B46-D7EB-4DD2-BF39-E89BA4937A8B}"
EndProject
Project("{FAE04EC0-301F-11D3-BF4B-00C04F79EFBC}") = "ISB.Renting.Business", "ISB.Renting.Business\ISB.Renting.Business.csproj", "{0816EB38-E681-4F01-BB88-E18CFD5BF309}"
EndProject
Project("{FAE04EC0-301F-11D3-BF4B-00C04F79EFBC}") = "ISB.Renting.Models", "ISB.Renting.Models\ISB.Renting.Models.csproj", "{E40AF575-78E5-44F5-8327-31549E977D24}"
EndProject
Project("{FAE04EC0-301F-11D3-BF4B-00C04F79EFBC}") = "ISB.Renting.Cross", "ISB.Renting.Cross\ISB.Renting.Cross.csproj", "{124069FE-8E15-4571-AD0A-7C36084109F0}"
EndProject
Global
	GlobalSection(SolutionConfigurationPlatforms) = preSolution
		Debug|Any CPU = Debug|Any CPU
		Release|Any CPU = Release|Any CPU
	EndGlobalSection
	GlobalSection(ProjectConfigurationPlatforms) = postSolution
		{91FC3B46-D7EB-4DD2-BF39-E89BA4937A8B}.Debug|Any CPU.ActiveCfg = Debug|Any CPU
		{91FC3B46-D7EB-4DD2-BF39-E89BA4937A8B}.Debug|Any CPU.Build.0 = Debug|Any CPU
		{91FC3B46-D7EB-4DD2-BF39-E89BA4937A8B}.Release|Any CPU.ActiveCfg = Release|Any CPU
		{91FC3B46-D7EB-4DD2-BF39-E89BA4937A8B}.Release|Any CPU.Build.0 = Release|Any CPU
		{0816EB38-E681-4F01-BB88-E18CFD5BF309}.Debug|Any CPU.ActiveCfg = Debug|Any CPU
		{0816EB38-E681-4F01-BB88-E18CFD5BF309}.Debug|Any CPU.Build.0 = Debug|Any CPU
		{0816EB38-E681-4F01-BB88-E18CFD5BF309}.Release|Any CPU.ActiveCfg = Release|Any CPU
		{0816EB38-E681-4F01-BB88-E18CFD5BF309}.Release|Any CPU.Build.0 = Release|Any CPU
		{E40AF575-78E5-44F5-8327-31549E977D24}.Debug|Any CPU.ActiveCfg = Debug|Any CPU
		{E40AF575-78E5-44F5-8327-31549E977D24}.Debug|Any CPU.Build.0 = Debug|Any CPU
		{E40AF575-78E5-44F5-8327-31549E977D24}.Release|Any CPU.ActiveCfg = Release|Any CPU
		{E40AF575-78E5-44F5-8327-31549E977D24}.Release|Any CPU.Build.0 = Release|Any CPU
		{124069FE-8E15-4571-AD0A-7C36084109F0}.Debug|Any CPU.ActiveCfg = Debug|Any CPU
		{124069FE-8E15-4571-AD0A-7C36084109F0}.Debug|Any CPU.Build.0 = Debug|Any CPU
		{124069FE-8E15-4571-AD0A-7C36084109F0}.Release|Any CPU.ActiveCfg = Release|Any CPU
		{124069FE-8E15-4571-AD0A-7C36084109F0}.Release|Any CPU.Build.0 = Release|Any CPU
	EndGlobalSection
	GlobalSection(SolutionProperties) = preSolution
		HideSolutionNode = FALSE
	EndGlobalSection
	GlobalSection(ExtensibilityGlobals) = postSolution
		SolutionGuid = {2EF26297-F6F3-43FB-93F3-0A305B880C1A}
	EndGlobalSection
EndGlobal
